// !$*UTF8*$!
{
	archiveVersion = 1;
	classes = {
	};
	objectVersion = 56;
	objects = {

/* Begin PBXBuildFile section */
		722258FE2BDBA960005BDDFD /* ContentView02.swift in Sources */ = {isa = PBXBuildFile; fileRef = 722258FD2BDBA960005BDDFD /* ContentView02.swift */; };
		722259002BDBABD9005BDDFD /* ContentView03.swift in Sources */ = {isa = PBXBuildFile; fileRef = 722258FF2BDBABD9005BDDFD /* ContentView03.swift */; };
		722259022BDBAC4A005BDDFD /* MainView.swift in Sources */ = {isa = PBXBuildFile; fileRef = 722259012BDBAC4A005BDDFD /* MainView.swift */; };
		722259052BDBACD9005BDDFD /* missions.json in Resources */ = {isa = PBXBuildFile; fileRef = 722259032BDBACD9005BDDFD /* missions.json */; };
		722259062BDBACD9005BDDFD /* astronauts.json in Resources */ = {isa = PBXBuildFile; fileRef = 722259042BDBACD9005BDDFD /* astronauts.json */; };
		7222590A2BDBAD12005BDDFD /* Astronaut.swift in Sources */ = {isa = PBXBuildFile; fileRef = 722259092BDBAD12005BDDFD /* Astronaut.swift */; };
		7222590D2BDBAD60005BDDFD /* Bundle-Decodable.swift in Sources */ = {isa = PBXBuildFile; fileRef = 7222590C2BDBAD60005BDDFD /* Bundle-Decodable.swift */; };
		7222590F2BDBB02A005BDDFD /* Mission.swift in Sources */ = {isa = PBXBuildFile; fileRef = 7222590E2BDBB02A005BDDFD /* Mission.swift */; };
		722259112BDBB581005BDDFD /* Color-Theme.swift in Sources */ = {isa = PBXBuildFile; fileRef = 722259102BDBB581005BDDFD /* Color-Theme.swift */; };
		722259142BDBB75F005BDDFD /* MissionView.swift in Sources */ = {isa = PBXBuildFile; fileRef = 722259132BDBB75F005BDDFD /* MissionView.swift */; };
		722259182BDBBF56005BDDFD /* AstronautView.swift in Sources */ = {isa = PBXBuildFile; fileRef = 722259172BDBBF56005BDDFD /* AstronautView.swift */; };
		725D4CE22BDA7D9900053657 /* Project8App.swift in Sources */ = {isa = PBXBuildFile; fileRef = 725D4CE12BDA7D9900053657 /* Project8App.swift */; };
		725D4CE42BDA7D9900053657 /* ContentView01.swift in Sources */ = {isa = PBXBuildFile; fileRef = 725D4CE32BDA7D9900053657 /* ContentView01.swift */; };
		725D4CE62BDA7D9A00053657 /* Assets.xcassets in Resources */ = {isa = PBXBuildFile; fileRef = 725D4CE52BDA7D9A00053657 /* Assets.xcassets */; };
		725D4CE92BDA7D9A00053657 /* Preview Assets.xcassets in Resources */ = {isa = PBXBuildFile; fileRef = 725D4CE82BDA7D9A00053657 /* Preview Assets.xcassets */; };
/* End PBXBuildFile section */

/* Begin PBXFileReference section */
		722258FD2BDBA960005BDDFD /* ContentView02.swift */ = {isa = PBXFileReference; lastKnownFileType = sourcecode.swift; path = ContentView02.swift; sourceTree = "<group>"; };
		722258FF2BDBABD9005BDDFD /* ContentView03.swift */ = {isa = PBXFileReference; lastKnownFileType = sourcecode.swift; path = ContentView03.swift; sourceTree = "<group>"; };
		722259012BDBAC4A005BDDFD /* MainView.swift */ = {isa = PBXFileReference; lastKnownFileType = sourcecode.swift; path = MainView.swift; sourceTree = "<group>"; };
		722259032BDBACD9005BDDFD /* missions.json */ = {isa = PBXFileReference; fileEncoding = 4; lastKnownFileType = text.json; path = missions.json; sourceTree = "<group>"; };
		722259042BDBACD9005BDDFD /* astronauts.json */ = {isa = PBXFileReference; fileEncoding = 4; lastKnownFileType = text.json; path = astronauts.json; sourceTree = "<group>"; };
		722259092BDBAD12005BDDFD /* Astronaut.swift */ = {isa = PBXFileReference; lastKnownFileType = sourcecode.swift; path = Astronaut.swift; sourceTree = "<group>"; };
		7222590C2BDBAD60005BDDFD /* Bundle-Decodable.swift */ = {isa = PBXFileReference; lastKnownFileType = sourcecode.swift; path = "Bundle-Decodable.swift"; sourceTree = "<group>"; };
		7222590E2BDBB02A005BDDFD /* Mission.swift */ = {isa = PBXFileReference; lastKnownFileType = sourcecode.swift; path = Mission.swift; sourceTree = "<group>"; };
		722259102BDBB581005BDDFD /* Color-Theme.swift */ = {isa = PBXFileReference; lastKnownFileType = sourcecode.swift; path = "Color-Theme.swift"; sourceTree = "<group>"; };
		722259132BDBB75F005BDDFD /* MissionView.swift */ = {isa = PBXFileReference; lastKnownFileType = sourcecode.swift; path = MissionView.swift; sourceTree = "<group>"; };
		722259172BDBBF56005BDDFD /* AstronautView.swift */ = {isa = PBXFileReference; lastKnownFileType = sourcecode.swift; path = AstronautView.swift; sourceTree = "<group>"; };
		725D4CDE2BDA7D9900053657 /* Project8.app */ = {isa = PBXFileReference; explicitFileType = wrapper.application; includeInIndex = 0; path = Project8.app; sourceTree = BUILT_PRODUCTS_DIR; };
		725D4CE12BDA7D9900053657 /* Project8App.swift */ = {isa = PBXFileReference; lastKnownFileType = sourcecode.swift; path = Project8App.swift; sourceTree = "<group>"; };
		725D4CE32BDA7D9900053657 /* ContentView01.swift */ = {isa = PBXFileReference; lastKnownFileType = sourcecode.swift; path = ContentView01.swift; sourceTree = "<group>"; };
		725D4CE52BDA7D9A00053657 /* Assets.xcassets */ = {isa = PBXFileReference; lastKnownFileType = folder.assetcatalog; path = Assets.xcassets; sourceTree = "<group>"; };
		725D4CE82BDA7D9A00053657 /* Preview Assets.xcassets */ = {isa = PBXFileReference; lastKnownFileType = folder.assetcatalog; path = "Preview Assets.xcassets"; sourceTree = "<group>"; };
/* End PBXFileReference section */

/* Begin PBXFrameworksBuildPhase section */
		725D4CDB2BDA7D9900053657 /* Frameworks */ = {
			isa = PBXFrameworksBuildPhase;
			buildActionMask = 2147483647;
			files = (
			);
			runOnlyForDeploymentPostprocessing = 0;
		};
/* End PBXFrameworksBuildPhase section */

/* Begin PBXGroup section */
		722258FC2BDBA94A005BDDFD /* Test */ = {
			isa = PBXGroup;
			children = (
				725D4CE32BDA7D9900053657 /* ContentView01.swift */,
				722258FD2BDBA960005BDDFD /* ContentView02.swift */,
				722258FF2BDBABD9005BDDFD /* ContentView03.swift */,
			);
			path = Test;
			sourceTree = "<group>";
		};
		722259082BDBAD06005BDDFD /* Models */ = {
			isa = PBXGroup;
			children = (
				722259092BDBAD12005BDDFD /* Astronaut.swift */,
				7222590E2BDBB02A005BDDFD /* Mission.swift */,
			);
			path = Models;
			sourceTree = "<group>";
		};
		7222590B2BDBAD53005BDDFD /* Managers */ = {
			isa = PBXGroup;
			children = (
				7222590C2BDBAD60005BDDFD /* Bundle-Decodable.swift */,
				722259102BDBB581005BDDFD /* Color-Theme.swift */,
			);
			path = Managers;
			sourceTree = "<group>";
		};
		722259122BDBB74B005BDDFD /* Views */ = {
			isa = PBXGroup;
			children = (
				722259012BDBAC4A005BDDFD /* MainView.swift */,
				722259132BDBB75F005BDDFD /* MissionView.swift */,
				722259172BDBBF56005BDDFD /* AstronautView.swift */,
			);
			path = Views;
			sourceTree = "<group>";
		};
		725D4CD52BDA7D9900053657 = {
			isa = PBXGroup;
			children = (
				725D4CE02BDA7D9900053657 /* Project8 */,
				725D4CDF2BDA7D9900053657 /* Products */,
			);
			sourceTree = "<group>";
		};
		725D4CDF2BDA7D9900053657 /* Products */ = {
			isa = PBXGroup;
			children = (
				725D4CDE2BDA7D9900053657 /* Project8.app */,
			);
			name = Products;
			sourceTree = "<group>";
		};
		725D4CE02BDA7D9900053657 /* Project8 */ = {
			isa = PBXGroup;
			children = (
				722258FC2BDBA94A005BDDFD /* Test */,
				7222590B2BDBAD53005BDDFD /* Managers */,
				722259082BDBAD06005BDDFD /* Models */,
				722259122BDBB74B005BDDFD /* Views */,
				725D4CE12BDA7D9900053657 /* Project8App.swift */,
				725D4CE52BDA7D9A00053657 /* Assets.xcassets */,
				722259042BDBACD9005BDDFD /* astronauts.json */,
				722259032BDBACD9005BDDFD /* missions.json */,
				725D4CE72BDA7D9A00053657 /* Preview Content */,
			);
			path = Project8;
			sourceTree = "<group>";
		};
		725D4CE72BDA7D9A00053657 /* Preview Content */ = {
			isa = PBXGroup;
			children = (
				725D4CE82BDA7D9A00053657 /* Preview Assets.xcassets */,
			);
			path = "Preview Content";
			sourceTree = "<group>";
		};
/* End PBXGroup section */

/* Begin PBXNativeTarget section */
		725D4CDD2BDA7D9900053657 /* Project8 */ = {
			isa = PBXNativeTarget;
			buildConfigurationList = 725D4CEC2BDA7D9A00053657 /* Build configuration list for PBXNativeTarget "Project8" */;
			buildPhases = (
				725D4CDA2BDA7D9900053657 /* Sources */,
				725D4CDB2BDA7D9900053657 /* Frameworks */,
				725D4CDC2BDA7D9900053657 /* Resources */,
			);
			buildRules = (
			);
			dependencies = (
			);
			name = Project8;
			productName = Project8;
			productReference = 725D4CDE2BDA7D9900053657 /* Project8.app */;
			productType = "com.apple.product-type.application";
		};
/* End PBXNativeTarget section */

/* Begin PBXProject section */
		725D4CD62BDA7D9900053657 /* Project object */ = {
			isa = PBXProject;
			attributes = {
				BuildIndependentTargetsInParallel = 1;
				LastSwiftUpdateCheck = 1530;
				LastUpgradeCheck = 1530;
				TargetAttributes = {
					725D4CDD2BDA7D9900053657 = {
						CreatedOnToolsVersion = 15.3;
					};
				};
			};
			buildConfigurationList = 725D4CD92BDA7D9900053657 /* Build configuration list for PBXProject "Project8" */;
			compatibilityVersion = "Xcode 14.0";
			developmentRegion = en;
			hasScannedForEncodings = 0;
			knownRegions = (
				en,
				Base,
			);
			mainGroup = 725D4CD52BDA7D9900053657;
			productRefGroup = 725D4CDF2BDA7D9900053657 /* Products */;
			projectDirPath = "";
			projectRoot = "";
			targets = (
				725D4CDD2BDA7D9900053657 /* Project8 */,
			);
		};
/* End PBXProject section */

/* Begin PBXResourcesBuildPhase section */
		725D4CDC2BDA7D9900053657 /* Resources */ = {
			isa = PBXResourcesBuildPhase;
			buildActionMask = 2147483647;
			files = (
				725D4CE92BDA7D9A00053657 /* Preview Assets.xcassets in Resources */,
				722259052BDBACD9005BDDFD /* missions.json in Resources */,
				725D4CE62BDA7D9A00053657 /* Assets.xcassets in Resources */,
				722259062BDBACD9005BDDFD /* astronauts.json in Resources */,
			);
			runOnlyForDeploymentPostprocessing = 0;
		};
/* End PBXResourcesBuildPhase section */

/* Begin PBXSourcesBuildPhase section */
		725D4CDA2BDA7D9900053657 /* Sources */ = {
			isa = PBXSourcesBuildPhase;
			buildActionMask = 2147483647;
			files = (
				725D4CE42BDA7D9900053657 /* ContentView01.swift in Sources */,
				722258FE2BDBA960005BDDFD /* ContentView02.swift in Sources */,
				7222590F2BDBB02A005BDDFD /* Mission.swift in Sources */,
				725D4CE22BDA7D9900053657 /* Project8App.swift in Sources */,
				7222590A2BDBAD12005BDDFD /* Astronaut.swift in Sources */,
				722259022BDBAC4A005BDDFD /* MainView.swift in Sources */,
				722259182BDBBF56005BDDFD /* AstronautView.swift in Sources */,
				7222590D2BDBAD60005BDDFD /* Bundle-Decodable.swift in Sources */,
				722259112BDBB581005BDDFD /* Color-Theme.swift in Sources */,
				722259002BDBABD9005BDDFD /* ContentView03.swift in Sources */,
				722259142BDBB75F005BDDFD /* MissionView.swift in Sources */,
			);
			runOnlyForDeploymentPostprocessing = 0;
		};
/* End PBXSourcesBuildPhase section */

/* Begin XCBuildConfiguration section */
		725D4CEA2BDA7D9A00053657 /* Debug */ = {
			isa = XCBuildConfiguration;
			buildSettings = {
				ALWAYS_SEARCH_USER_PATHS = NO;
				ASSETCATALOG_COMPILER_GENERATE_SWIFT_ASSET_SYMBOL_EXTENSIONS = YES;
				CLANG_ANALYZER_NONNULL = YES;
				CLANG_ANALYZER_NUMBER_OBJECT_CONVERSION = YES_AGGRESSIVE;
				CLANG_CXX_LANGUAGE_STANDARD = "gnu++20";
				CLANG_ENABLE_MODULES = YES;
				CLANG_ENABLE_OBJC_ARC = YES;
				CLANG_ENABLE_OBJC_WEAK = YES;
				CLANG_WARN_BLOCK_CAPTURE_AUTORELEASING = YES;
				CLANG_WARN_BOOL_CONVERSION = YES;
				CLANG_WARN_COMMA = YES;
				CLANG_WARN_CONSTANT_CONVERSION = YES;
				CLANG_WARN_DEPRECATED_OBJC_IMPLEMENTATIONS = YES;
				CLANG_WARN_DIRECT_OBJC_ISA_USAGE = YES_ERROR;
				CLANG_WARN_DOCUMENTATION_COMMENTS = YES;
				CLANG_WARN_EMPTY_BODY = YES;
				CLANG_WARN_ENUM_CONVERSION = YES;
				CLANG_WARN_INFINITE_RECURSION = YES;
				CLANG_WARN_INT_CONVERSION = YES;
				CLANG_WARN_NON_LITERAL_NULL_CONVERSION = YES;
				CLANG_WARN_OBJC_IMPLICIT_RETAIN_SELF = YES;
				CLANG_WARN_OBJC_LITERAL_CONVERSION = YES;
				CLANG_WARN_OBJC_ROOT_CLASS = YES_ERROR;
				CLANG_WARN_QUOTED_INCLUDE_IN_FRAMEWORK_HEADER = YES;
				CLANG_WARN_RANGE_LOOP_ANALYSIS = YES;
				CLANG_WARN_STRICT_PROTOTYPES = YES;
				CLANG_WARN_SUSPICIOUS_MOVE = YES;
				CLANG_WARN_UNGUARDED_AVAILABILITY = YES_AGGRESSIVE;
				CLANG_WARN_UNREACHABLE_CODE = YES;
				CLANG_WARN__DUPLICATE_METHOD_MATCH = YES;
				COPY_PHASE_STRIP = NO;
				DEBUG_INFORMATION_FORMAT = dwarf;
				ENABLE_STRICT_OBJC_MSGSEND = YES;
				ENABLE_TESTABILITY = YES;
				ENABLE_USER_SCRIPT_SANDBOXING = YES;
				GCC_C_LANGUAGE_STANDARD = gnu17;
				GCC_DYNAMIC_NO_PIC = NO;
				GCC_NO_COMMON_BLOCKS = YES;
				GCC_OPTIMIZATION_LEVEL = 0;
				GCC_PREPROCESSOR_DEFINITIONS = (
					"DEBUG=1",
					"$(inherited)",
				);
				GCC_WARN_64_TO_32_BIT_CONVERSION = YES;
				GCC_WARN_ABOUT_RETURN_TYPE = YES_ERROR;
				GCC_WARN_UNDECLARED_SELECTOR = YES;
				GCC_WARN_UNINITIALIZED_AUTOS = YES_AGGRESSIVE;
				GCC_WARN_UNUSED_FUNCTION = YES;
				GCC_WARN_UNUSED_VARIABLE = YES;
				IPHONEOS_DEPLOYMENT_TARGET = 17.4;
				LOCALIZATION_PREFERS_STRING_CATALOGS = YES;
				MTL_ENABLE_DEBUG_INFO = INCLUDE_SOURCE;
				MTL_FAST_MATH = YES;
				ONLY_ACTIVE_ARCH = YES;
				SDKROOT = iphoneos;
				SWIFT_ACTIVE_COMPILATION_CONDITIONS = "DEBUG $(inherited)";
				SWIFT_OPTIMIZATION_LEVEL = "-Onone";
			};
			name = Debug;
		};
		725D4CEB2BDA7D9A00053657 /* Release */ = {
			isa = XCBuildConfiguration;
			buildSettings = {
				ALWAYS_SEARCH_USER_PATHS = NO;
				ASSETCATALOG_COMPILER_GENERATE_SWIFT_ASSET_SYMBOL_EXTENSIONS = YES;
				CLANG_ANALYZER_NONNULL = YES;
				CLANG_ANALYZER_NUMBER_OBJECT_CONVERSION = YES_AGGRESSIVE;
				CLANG_CXX_LANGUAGE_STANDARD = "gnu++20";
				CLANG_ENABLE_MODULES = YES;
				CLANG_ENABLE_OBJC_ARC = YES;
				CLANG_ENABLE_OBJC_WEAK = YES;
				CLANG_WARN_BLOCK_CAPTURE_AUTORELEASING = YES;
				CLANG_WARN_BOOL_CONVERSION = YES;
				CLANG_WARN_COMMA = YES;
				CLANG_WARN_CONSTANT_CONVERSION = YES;
				CLANG_WARN_DEPRECATED_OBJC_IMPLEMENTATIONS = YES;
				CLANG_WARN_DIRECT_OBJC_ISA_USAGE = YES_ERROR;
				CLANG_WARN_DOCUMENTATION_COMMENTS = YES;
				CLANG_WARN_EMPTY_BODY = YES;
				CLANG_WARN_ENUM_CONVERSION = YES;
				CLANG_WARN_INFINITE_RECURSION = YES;
				CLANG_WARN_INT_CONVERSION = YES;
				CLANG_WARN_NON_LITERAL_NULL_CONVERSION = YES;
				CLANG_WARN_OBJC_IMPLICIT_RETAIN_SELF = YES;
				CLANG_WARN_OBJC_LITERAL_CONVERSION = YES;
				CLANG_WARN_OBJC_ROOT_CLASS = YES_ERROR;
				CLANG_WARN_QUOTED_INCLUDE_IN_FRAMEWORK_HEADER = YES;
				CLANG_WARN_RANGE_LOOP_ANALYSIS = YES;
				CLANG_WARN_STRICT_PROTOTYPES = YES;
				CLANG_WARN_SUSPICIOUS_MOVE = YES;
				CLANG_WARN_UNGUARDED_AVAILABILITY = YES_AGGRESSIVE;
				CLANG_WARN_UNREACHABLE_CODE = YES;
				CLANG_WARN__DUPLICATE_METHOD_MATCH = YES;
				COPY_PHASE_STRIP = NO;
				DEBUG_INFORMATION_FORMAT = "dwarf-with-dsym";
				ENABLE_NS_ASSERTIONS = NO;
				ENABLE_STRICT_OBJC_MSGSEND = YES;
				ENABLE_USER_SCRIPT_SANDBOXING = YES;
				GCC_C_LANGUAGE_STANDARD = gnu17;
				GCC_NO_COMMON_BLOCKS = YES;
				GCC_WARN_64_TO_32_BIT_CONVERSION = YES;
				GCC_WARN_ABOUT_RETURN_TYPE = YES_ERROR;
				GCC_WARN_UNDECLARED_SELECTOR = YES;
				GCC_WARN_UNINITIALIZED_AUTOS = YES_AGGRESSIVE;
				GCC_WARN_UNUSED_FUNCTION = YES;
				GCC_WARN_UNUSED_VARIABLE = YES;
				IPHONEOS_DEPLOYMENT_TARGET = 17.4;
				LOCALIZATION_PREFERS_STRING_CATALOGS = YES;
				MTL_ENABLE_DEBUG_INFO = NO;
				MTL_FAST_MATH = YES;
				SDKROOT = iphoneos;
				SWIFT_COMPILATION_MODE = wholemodule;
				VALIDATE_PRODUCT = YES;
			};
			name = Release;
		};
		725D4CED2BDA7D9A00053657 /* Debug */ = {
			isa = XCBuildConfiguration;
			buildSettings = {
				ASSETCATALOG_COMPILER_APPICON_NAME = AppIcon;
				ASSETCATALOG_COMPILER_GLOBAL_ACCENT_COLOR_NAME = AccentColor;
				CODE_SIGN_STYLE = Automatic;
				CURRENT_PROJECT_VERSION = 1;
				DEVELOPMENT_ASSET_PATHS = "\"Project8/Preview Content\"";
				DEVELOPMENT_TEAM = NJVM2X728T;
				ENABLE_PREVIEWS = YES;
				GENERATE_INFOPLIST_FILE = YES;
				INFOPLIST_KEY_UIApplicationSceneManifest_Generation = YES;
				INFOPLIST_KEY_UIApplicationSupportsIndirectInputEvents = YES;
				INFOPLIST_KEY_UILaunchScreen_Generation = YES;
				INFOPLIST_KEY_UISupportedInterfaceOrientations_iPad = "UIInterfaceOrientationPortrait UIInterfaceOrientationPortraitUpsideDown UIInterfaceOrientationLandscapeLeft UIInterfaceOrientationLandscapeRight";
				INFOPLIST_KEY_UISupportedInterfaceOrientations_iPhone = "UIInterfaceOrientationPortrait UIInterfaceOrientationLandscapeLeft UIInterfaceOrientationLandscapeRight";
				LD_RUNPATH_SEARCH_PATHS = (
					"$(inherited)",
					"@executable_path/Frameworks",
				);
				MARKETING_VERSION = 1.0;
				PRODUCT_BUNDLE_IDENTIFIER = com.chingizagha.Project8;
				PRODUCT_NAME = "$(TARGET_NAME)";
				SWIFT_EMIT_LOC_STRINGS = YES;
				SWIFT_VERSION = 5.0;
				TARGETED_DEVICE_FAMILY = "1,2";
			};
			name = Debug;
		};
		725D4CEE2BDA7D9A00053657 /* Release */ = {
			isa = XCBuildConfiguration;
			buildSettings = {
				ASSETCATALOG_COMPILER_APPICON_NAME = AppIcon;
				ASSETCATALOG_COMPILER_GLOBAL_ACCENT_COLOR_NAME = AccentColor;
				CODE_SIGN_STYLE = Automatic;
				CURRENT_PROJECT_VERSION = 1;
				DEVELOPMENT_ASSET_PATHS = "\"Project8/Preview Content\"";
				DEVELOPMENT_TEAM = NJVM2X728T;
				ENABLE_PREVIEWS = YES;
				GENERATE_INFOPLIST_FILE = YES;
				INFOPLIST_KEY_UIApplicationSceneManifest_Generation = YES;
				INFOPLIST_KEY_UIApplicationSupportsIndirectInputEvents = YES;
				INFOPLIST_KEY_UILaunchScreen_Generation = YES;
				INFOPLIST_KEY_UISupportedInterfaceOrientations_iPad = "UIInterfaceOrientationPortrait UIInterfaceOrientationPortraitUpsideDown UIInterfaceOrientationLandscapeLeft UIInterfaceOrientationLandscapeRight";
				INFOPLIST_KEY_UISupportedInterfaceOrientations_iPhone = "UIInterfaceOrientationPortrait UIInterfaceOrientationLandscapeLeft UIInterfaceOrientationLandscapeRight";
				LD_RUNPATH_SEARCH_PATHS = (
					"$(inherited)",
					"@executable_path/Frameworks",
				);
				MARKETING_VERSION = 1.0;
				PRODUCT_BUNDLE_IDENTIFIER = com.chingizagha.Project8;
				PRODUCT_NAME = "$(TARGET_NAME)";
				SWIFT_EMIT_LOC_STRINGS = YES;
				SWIFT_VERSION = 5.0;
				TARGETED_DEVICE_FAMILY = "1,2";
			};
			name = Release;
		};
/* End XCBuildConfiguration section */

/* Begin XCConfigurationList section */
		725D4CD92BDA7D9900053657 /* Build configuration list for PBXProject "Project8" */ = {
			isa = XCConfigurationList;
			buildConfigurations = (
				725D4CEA2BDA7D9A00053657 /* Debug */,
				725D4CEB2BDA7D9A00053657 /* Release */,
			);
			defaultConfigurationIsVisible = 0;
			defaultConfigurationName = Release;
		};
		725D4CEC2BDA7D9A00053657 /* Build configuration list for PBXNativeTarget "Project8" */ = {
			isa = XCConfigurationList;
			buildConfigurations = (
				725D4CED2BDA7D9A00053657 /* Debug */,
				725D4CEE2BDA7D9A00053657 /* Release */,
			);
			defaultConfigurationIsVisible = 0;
			defaultConfigurationName = Release;
		};
/* End XCConfigurationList section */
	};
	rootObject = 725D4CD62BDA7D9900053657 /* Project object */;
}
